// !$*UTF8*$!
{
	archiveVersion = 1;
	classes = {
	};
	objectVersion = 55;
	objects = {

/* Begin PBXBuildFile section */
		0425D77728A5029000D13F69 /* Settings.swift in Sources */ = {isa = PBXBuildFile; fileRef = 0425D77628A5029000D13F69 /* Settings.swift */; };
		04336CF228A3E9C900C3CCEF /* SignUp.swift in Sources */ = {isa = PBXBuildFile; fileRef = 04336CF128A3E9C900C3CCEF /* SignUp.swift */; };
		04336CF428A3F15C00C3CCEF /* SignUp1.swift in Sources */ = {isa = PBXBuildFile; fileRef = 04336CF328A3F15C00C3CCEF /* SignUp1.swift */; };
		04336CF628A3F4AC00C3CCEF /* SignUp2.swift in Sources */ = {isa = PBXBuildFile; fileRef = 04336CF528A3F4AC00C3CCEF /* SignUp2.swift */; };
		04336CF828A3FC8B00C3CCEF /* SignUp3.swift in Sources */ = {isa = PBXBuildFile; fileRef = 04336CF728A3FC8B00C3CCEF /* SignUp3.swift */; };
		04336CFA28A3FE2C00C3CCEF /* Dashboard.swift in Sources */ = {isa = PBXBuildFile; fileRef = 04336CF928A3FE2C00C3CCEF /* Dashboard.swift */; };
		04336CFC28A4025000C3CCEF /* Details.swift in Sources */ = {isa = PBXBuildFile; fileRef = 04336CFB28A4025000C3CCEF /* Details.swift */; };
		04336CFF28A40C5600C3CCEF /* Navigation.swift in Sources */ = {isa = PBXBuildFile; fileRef = 04336CFE28A40C5600C3CCEF /* Navigation.swift */; };
		04591E53289A976100D7BCD3 /* Intro.swift in Sources */ = {isa = PBXBuildFile; fileRef = 04591E52289A976100D7BCD3 /* Intro.swift */; };
		04591E55289A978500D7BCD3 /* Home.swift in Sources */ = {isa = PBXBuildFile; fileRef = 04591E54289A978500D7BCD3 /* Home.swift */; };
		048772C5289961F100F156A8 /* BigBucksApp.swift in Sources */ = {isa = PBXBuildFile; fileRef = 048772B5289961F000F156A8 /* BigBucksApp.swift */; };
		048772C6289961F100F156A8 /* BigBucksApp.swift in Sources */ = {isa = PBXBuildFile; fileRef = 048772B5289961F000F156A8 /* BigBucksApp.swift */; };
		048772C7289961F100F156A8 /* ContentView.swift in Sources */ = {isa = PBXBuildFile; fileRef = 048772B6289961F000F156A8 /* ContentView.swift */; };
		048772C8289961F100F156A8 /* ContentView.swift in Sources */ = {isa = PBXBuildFile; fileRef = 048772B6289961F000F156A8 /* ContentView.swift */; };
		048772C9289961F100F156A8 /* Assets.xcassets in Resources */ = {isa = PBXBuildFile; fileRef = 048772B7289961F100F156A8 /* Assets.xcassets */; };
		048772CA289961F100F156A8 /* Assets.xcassets in Resources */ = {isa = PBXBuildFile; fileRef = 048772B7289961F100F156A8 /* Assets.xcassets */; };
		048772D42899635400F156A8 /* LaunchScreen.storyboard in Resources */ = {isa = PBXBuildFile; fileRef = 048772D32899635400F156A8 /* LaunchScreen.storyboard */; };
		048E375928AD13C100AAC0E4 /* SpendData.swift in Sources */ = {isa = PBXBuildFile; fileRef = 048E375828AD13C100AAC0E4 /* SpendData.swift */; };
		048E375B28AD13F700AAC0E4 /* Spend.swift in Sources */ = {isa = PBXBuildFile; fileRef = 048E375A28AD13F700AAC0E4 /* Spend.swift */; };
		048E375D28AD432F00AAC0E4 /* Calculate.swift in Sources */ = {isa = PBXBuildFile; fileRef = 048E375C28AD432F00AAC0E4 /* Calculate.swift */; };
		04F3025928A2A05A00A0F068 /* Login.swift in Sources */ = {isa = PBXBuildFile; fileRef = 04F3025828A2A05A00A0F068 /* Login.swift */; };
/* End PBXBuildFile section */

/* Begin PBXFileReference section */
		0425D77628A5029000D13F69 /* Settings.swift */ = {isa = PBXFileReference; lastKnownFileType = sourcecode.swift; path = Settings.swift; sourceTree = "<group>"; };
		04336CF128A3E9C900C3CCEF /* SignUp.swift */ = {isa = PBXFileReference; lastKnownFileType = sourcecode.swift; path = SignUp.swift; sourceTree = "<group>"; };
		04336CF328A3F15C00C3CCEF /* SignUp1.swift */ = {isa = PBXFileReference; lastKnownFileType = sourcecode.swift; path = SignUp1.swift; sourceTree = "<group>"; };
		04336CF528A3F4AC00C3CCEF /* SignUp2.swift */ = {isa = PBXFileReference; lastKnownFileType = sourcecode.swift; path = SignUp2.swift; sourceTree = "<group>"; };
		04336CF728A3FC8B00C3CCEF /* SignUp3.swift */ = {isa = PBXFileReference; lastKnownFileType = sourcecode.swift; path = SignUp3.swift; sourceTree = "<group>"; };
		04336CF928A3FE2C00C3CCEF /* Dashboard.swift */ = {isa = PBXFileReference; lastKnownFileType = sourcecode.swift; path = Dashboard.swift; sourceTree = "<group>"; };
		04336CFB28A4025000C3CCEF /* Details.swift */ = {isa = PBXFileReference; lastKnownFileType = sourcecode.swift; path = Details.swift; sourceTree = "<group>"; };
		04336CFE28A40C5600C3CCEF /* Navigation.swift */ = {isa = PBXFileReference; lastKnownFileType = sourcecode.swift; path = Navigation.swift; sourceTree = "<group>"; };
		04591E52289A976100D7BCD3 /* Intro.swift */ = {isa = PBXFileReference; lastKnownFileType = sourcecode.swift; path = Intro.swift; sourceTree = "<group>"; };
		04591E54289A978500D7BCD3 /* Home.swift */ = {isa = PBXFileReference; lastKnownFileType = sourcecode.swift; path = Home.swift; sourceTree = "<group>"; };
		048772B5289961F000F156A8 /* BigBucksApp.swift */ = {isa = PBXFileReference; lastKnownFileType = sourcecode.swift; path = BigBucksApp.swift; sourceTree = "<group>"; };
		048772B6289961F000F156A8 /* ContentView.swift */ = {isa = PBXFileReference; lastKnownFileType = sourcecode.swift; path = ContentView.swift; sourceTree = "<group>"; };
		048772B7289961F100F156A8 /* Assets.xcassets */ = {isa = PBXFileReference; lastKnownFileType = folder.assetcatalog; path = Assets.xcassets; sourceTree = "<group>"; };
		048772BC289961F100F156A8 /* BigBucks.app */ = {isa = PBXFileReference; explicitFileType = wrapper.application; includeInIndex = 0; path = BigBucks.app; sourceTree = BUILT_PRODUCTS_DIR; };
		048772C2289961F100F156A8 /* BigBucks.app */ = {isa = PBXFileReference; explicitFileType = wrapper.application; includeInIndex = 0; path = BigBucks.app; sourceTree = BUILT_PRODUCTS_DIR; };
		048772C4289961F100F156A8 /* macOS.entitlements */ = {isa = PBXFileReference; lastKnownFileType = text.plist.entitlements; path = macOS.entitlements; sourceTree = "<group>"; };
		048772D32899635400F156A8 /* LaunchScreen.storyboard */ = {isa = PBXFileReference; lastKnownFileType = file.storyboard; path = LaunchScreen.storyboard; sourceTree = "<group>"; };
		048E375828AD13C100AAC0E4 /* SpendData.swift */ = {isa = PBXFileReference; lastKnownFileType = sourcecode.swift; path = SpendData.swift; sourceTree = "<group>"; };
		048E375A28AD13F700AAC0E4 /* Spend.swift */ = {isa = PBXFileReference; lastKnownFileType = sourcecode.swift; path = Spend.swift; sourceTree = "<group>"; };
		048E375C28AD432F00AAC0E4 /* Calculate.swift */ = {isa = PBXFileReference; lastKnownFileType = sourcecode.swift; path = Calculate.swift; sourceTree = "<group>"; };
		04F3025828A2A05A00A0F068 /* Login.swift */ = {isa = PBXFileReference; lastKnownFileType = sourcecode.swift; path = Login.swift; sourceTree = "<group>"; };
/* End PBXFileReference section */

/* Begin PBXFrameworksBuildPhase section */
		048772B9289961F100F156A8 /* Frameworks */ = {
			isa = PBXFrameworksBuildPhase;
			buildActionMask = 2147483647;
			files = (
			);
			runOnlyForDeploymentPostprocessing = 0;
		};
		048772BF289961F100F156A8 /* Frameworks */ = {
			isa = PBXFrameworksBuildPhase;
			buildActionMask = 2147483647;
			files = (
			);
			runOnlyForDeploymentPostprocessing = 0;
		};
/* End PBXFrameworksBuildPhase section */

/* Begin PBXGroup section */
		04336CFD28A40C3600C3CCEF /* Components */ = {
			isa = PBXGroup;
			children = (
				04336CFE28A40C5600C3CCEF /* Navigation.swift */,
			);
			path = Components;
			sourceTree = "<group>";
		};
		048772AF289961F000F156A8 = {
			isa = PBXGroup;
			children = (
				048772D32899635400F156A8 /* LaunchScreen.storyboard */,
				048772B4289961F000F156A8 /* Shared */,
				048772C3289961F100F156A8 /* macOS */,
				048772BD289961F100F156A8 /* Products */,
			);
			sourceTree = "<group>";
		};
		048772B4289961F000F156A8 /* Shared */ = {
			isa = PBXGroup;
			children = (
				048E375728AD13A700AAC0E4 /* Data */,
				04336CFD28A40C3600C3CCEF /* Components */,
				048772DA289980AC00F156A8 /* Model */,
				048772D9289980A500F156A8 /* View */,
				048772B5289961F000F156A8 /* BigBucksApp.swift */,
				048772B6289961F000F156A8 /* ContentView.swift */,
				048772B7289961F100F156A8 /* Assets.xcassets */,
			);
			path = Shared;
			sourceTree = "<group>";
		};
		048772BD289961F100F156A8 /* Products */ = {
			isa = PBXGroup;
			children = (
				048772BC289961F100F156A8 /* BigBucks.app */,
				048772C2289961F100F156A8 /* BigBucks.app */,
			);
			name = Products;
			sourceTree = "<group>";
		};
		048772C3289961F100F156A8 /* macOS */ = {
			isa = PBXGroup;
			children = (
				048772C4289961F100F156A8 /* macOS.entitlements */,
			);
			path = macOS;
			sourceTree = "<group>";
		};
		048772D9289980A500F156A8 /* View */ = {
			isa = PBXGroup;
			children = (
				04591E54289A978500D7BCD3 /* Home.swift */,
				04F3025828A2A05A00A0F068 /* Login.swift */,
				04336CF128A3E9C900C3CCEF /* SignUp.swift */,
				04336CF328A3F15C00C3CCEF /* SignUp1.swift */,
				04336CF528A3F4AC00C3CCEF /* SignUp2.swift */,
				04336CF728A3FC8B00C3CCEF /* SignUp3.swift */,
				04336CF928A3FE2C00C3CCEF /* Dashboard.swift */,
				04336CFB28A4025000C3CCEF /* Details.swift */,
				0425D77628A5029000D13F69 /* Settings.swift */,
				048E375C28AD432F00AAC0E4 /* Calculate.swift */,
			);
			path = View;
			sourceTree = "<group>";
		};
		048772DA289980AC00F156A8 /* Model */ = {
			isa = PBXGroup;
			children = (
				04591E52289A976100D7BCD3 /* Intro.swift */,
				048E375A28AD13F700AAC0E4 /* Spend.swift */,
			);
			path = Model;
			sourceTree = "<group>";
		};
		048E375728AD13A700AAC0E4 /* Data */ = {
			isa = PBXGroup;
			children = (
				048E375828AD13C100AAC0E4 /* SpendData.swift */,
			);
			path = Data;
			sourceTree = "<group>";
		};
/* End PBXGroup section */

/* Begin PBXNativeTarget section */
		048772BB289961F100F156A8 /* BigBucks (iOS) */ = {
			isa = PBXNativeTarget;
			buildConfigurationList = 048772CD289961F100F156A8 /* Build configuration list for PBXNativeTarget "BigBucks (iOS)" */;
			buildPhases = (
				048772B8289961F100F156A8 /* Sources */,
				048772B9289961F100F156A8 /* Frameworks */,
				048772BA289961F100F156A8 /* Resources */,
			);
			buildRules = (
			);
			dependencies = (
			);
			name = "BigBucks (iOS)";
			productName = "BigBucks (iOS)";
			productReference = 048772BC289961F100F156A8 /* BigBucks.app */;
			productType = "com.apple.product-type.application";
		};
		048772C1289961F100F156A8 /* BigBucks (macOS) */ = {
			isa = PBXNativeTarget;
			buildConfigurationList = 048772D0289961F100F156A8 /* Build configuration list for PBXNativeTarget "BigBucks (macOS)" */;
			buildPhases = (
				048772BE289961F100F156A8 /* Sources */,
				048772BF289961F100F156A8 /* Frameworks */,
				048772C0289961F100F156A8 /* Resources */,
			);
			buildRules = (
			);
			dependencies = (
			);
			name = "BigBucks (macOS)";
			productName = "BigBucks (macOS)";
			productReference = 048772C2289961F100F156A8 /* BigBucks.app */;
			productType = "com.apple.product-type.application";
		};
/* End PBXNativeTarget section */

/* Begin PBXProject section */
		048772B0289961F000F156A8 /* Project object */ = {
			isa = PBXProject;
			attributes = {
				BuildIndependentTargetsInParallel = 1;
				LastSwiftUpdateCheck = 1340;
				LastUpgradeCheck = 1340;
				TargetAttributes = {
					048772BB289961F100F156A8 = {
						CreatedOnToolsVersion = 13.4.1;
					};
					048772C1289961F100F156A8 = {
						CreatedOnToolsVersion = 13.4.1;
					};
				};
			};
			buildConfigurationList = 048772B3289961F000F156A8 /* Build configuration list for PBXProject "BigBucks" */;
			compatibilityVersion = "Xcode 13.0";
			developmentRegion = en;
			hasScannedForEncodings = 0;
			knownRegions = (
				en,
				Base,
			);
			mainGroup = 048772AF289961F000F156A8;
			productRefGroup = 048772BD289961F100F156A8 /* Products */;
			projectDirPath = "";
			projectRoot = "";
			targets = (
				048772BB289961F100F156A8 /* BigBucks (iOS) */,
				048772C1289961F100F156A8 /* BigBucks (macOS) */,
			);
		};
/* End PBXProject section */

/* Begin PBXResourcesBuildPhase section */
		048772BA289961F100F156A8 /* Resources */ = {
			isa = PBXResourcesBuildPhase;
			buildActionMask = 2147483647;
			files = (
				048772C9289961F100F156A8 /* Assets.xcassets in Resources */,
				048772D42899635400F156A8 /* LaunchScreen.storyboard in Resources */,
			);
			runOnlyForDeploymentPostprocessing = 0;
		};
		048772C0289961F100F156A8 /* Resources */ = {
			isa = PBXResourcesBuildPhase;
			buildActionMask = 2147483647;
			files = (
				048772CA289961F100F156A8 /* Assets.xcassets in Resources */,
			);
			runOnlyForDeploymentPostprocessing = 0;
		};
/* End PBXResourcesBuildPhase section */

/* Begin PBXSourcesBuildPhase section */
		048772B8289961F100F156A8 /* Sources */ = {
			isa = PBXSourcesBuildPhase;
			buildActionMask = 2147483647;
			files = (
				048E375928AD13C100AAC0E4 /* SpendData.swift in Sources */,
				04336CF628A3F4AC00C3CCEF /* SignUp2.swift in Sources */,
				048E375B28AD13F700AAC0E4 /* Spend.swift in Sources */,
				048772C7289961F100F156A8 /* ContentView.swift in Sources */,
				0425D77728A5029000D13F69 /* Settings.swift in Sources */,
				04336CFA28A3FE2C00C3CCEF /* Dashboard.swift in Sources */,
				04336CFF28A40C5600C3CCEF /* Navigation.swift in Sources */,
				04336CF228A3E9C900C3CCEF /* SignUp.swift in Sources */,
				048E375D28AD432F00AAC0E4 /* Calculate.swift in Sources */,
				04F3025928A2A05A00A0F068 /* Login.swift in Sources */,
				048772C5289961F100F156A8 /* BigBucksApp.swift in Sources */,
				04336CFC28A4025000C3CCEF /* Details.swift in Sources */,
				04336CF428A3F15C00C3CCEF /* SignUp1.swift in Sources */,
				04591E55289A978500D7BCD3 /* Home.swift in Sources */,
				04336CF828A3FC8B00C3CCEF /* SignUp3.swift in Sources */,
				04591E53289A976100D7BCD3 /* Intro.swift in Sources */,
			);
			runOnlyForDeploymentPostprocessing = 0;
		};
		048772BE289961F100F156A8 /* Sources */ = {
			isa = PBXSourcesBuildPhase;
			buildActionMask = 2147483647;
			files = (
				048772C8289961F100F156A8 /* ContentView.swift in Sources */,
				048772C6289961F100F156A8 /* BigBucksApp.swift in Sources */,
			);
			runOnlyForDeploymentPostprocessing = 0;
		};
/* End PBXSourcesBuildPhase section */

/* Begin XCBuildConfiguration section */
		048772CB289961F100F156A8 /* Debug */ = {
			isa = XCBuildConfiguration;
			buildSettings = {
				ALWAYS_SEARCH_USER_PATHS = NO;
				CLANG_ANALYZER_NONNULL = YES;
				CLANG_ANALYZER_NUMBER_OBJECT_CONVERSION = YES_AGGRESSIVE;
				CLANG_CXX_LANGUAGE_STANDARD = "gnu++17";
				CLANG_ENABLE_MODULES = YES;
				CLANG_ENABLE_OBJC_ARC = YES;
				CLANG_ENABLE_OBJC_WEAK = YES;
				CLANG_WARN_BLOCK_CAPTURE_AUTORELEASING = YES;
				CLANG_WARN_BOOL_CONVERSION = YES;
				CLANG_WARN_COMMA = YES;
				CLANG_WARN_CONSTANT_CONVERSION = YES;
				CLANG_WARN_DEPRECATED_OBJC_IMPLEMENTATIONS = YES;
				CLANG_WARN_DIRECT_OBJC_ISA_USAGE = YES_ERROR;
				CLANG_WARN_DOCUMENTATION_COMMENTS = YES;
				CLANG_WARN_EMPTY_BODY = YES;
				CLANG_WARN_ENUM_CONVERSION = YES;
				CLANG_WARN_INFINITE_RECURSION = YES;
				CLANG_WARN_INT_CONVERSION = YES;
				CLANG_WARN_NON_LITERAL_NULL_CONVERSION = YES;
				CLANG_WARN_OBJC_IMPLICIT_RETAIN_SELF = YES;
				CLANG_WARN_OBJC_LITERAL_CONVERSION = YES;
				CLANG_WARN_OBJC_ROOT_CLASS = YES_ERROR;
				CLANG_WARN_QUOTED_INCLUDE_IN_FRAMEWORK_HEADER = YES;
				CLANG_WARN_RANGE_LOOP_ANALYSIS = YES;
				CLANG_WARN_STRICT_PROTOTYPES = YES;
				CLANG_WARN_SUSPICIOUS_MOVE = YES;
				CLANG_WARN_UNGUARDED_AVAILABILITY = YES_AGGRESSIVE;
				CLANG_WARN_UNREACHABLE_CODE = YES;
				CLANG_WARN__DUPLICATE_METHOD_MATCH = YES;
				COPY_PHASE_STRIP = NO;
				DEBUG_INFORMATION_FORMAT = dwarf;
				ENABLE_STRICT_OBJC_MSGSEND = YES;
				ENABLE_TESTABILITY = YES;
				GCC_C_LANGUAGE_STANDARD = gnu11;
				GCC_DYNAMIC_NO_PIC = NO;
				GCC_NO_COMMON_BLOCKS = YES;
				GCC_OPTIMIZATION_LEVEL = 0;
				GCC_PREPROCESSOR_DEFINITIONS = (
					"DEBUG=1",
					"$(inherited)",
				);
				GCC_WARN_64_TO_32_BIT_CONVERSION = YES;
				GCC_WARN_ABOUT_RETURN_TYPE = YES_ERROR;
				GCC_WARN_UNDECLARED_SELECTOR = YES;
				GCC_WARN_UNINITIALIZED_AUTOS = YES_AGGRESSIVE;
				GCC_WARN_UNUSED_FUNCTION = YES;
				GCC_WARN_UNUSED_VARIABLE = YES;
				MTL_ENABLE_DEBUG_INFO = INCLUDE_SOURCE;
				MTL_FAST_MATH = YES;
				ONLY_ACTIVE_ARCH = YES;
				SWIFT_ACTIVE_COMPILATION_CONDITIONS = DEBUG;
				SWIFT_OPTIMIZATION_LEVEL = "-Onone";
			};
			name = Debug;
		};
		048772CC289961F100F156A8 /* Release */ = {
			isa = XCBuildConfiguration;
			buildSettings = {
				ALWAYS_SEARCH_USER_PATHS = NO;
				CLANG_ANALYZER_NONNULL = YES;
				CLANG_ANALYZER_NUMBER_OBJECT_CONVERSION = YES_AGGRESSIVE;
				CLANG_CXX_LANGUAGE_STANDARD = "gnu++17";
				CLANG_ENABLE_MODULES = YES;
				CLANG_ENABLE_OBJC_ARC = YES;
				CLANG_ENABLE_OBJC_WEAK = YES;
				CLANG_WARN_BLOCK_CAPTURE_AUTORELEASING = YES;
				CLANG_WARN_BOOL_CONVERSION = YES;
				CLANG_WARN_COMMA = YES;
				CLANG_WARN_CONSTANT_CONVERSION = YES;
				CLANG_WARN_DEPRECATED_OBJC_IMPLEMENTATIONS = YES;
				CLANG_WARN_DIRECT_OBJC_ISA_USAGE = YES_ERROR;
				CLANG_WARN_DOCUMENTATION_COMMENTS = YES;
				CLANG_WARN_EMPTY_BODY = YES;
				CLANG_WARN_ENUM_CONVERSION = YES;
				CLANG_WARN_INFINITE_RECURSION = YES;
				CLANG_WARN_INT_CONVERSION = YES;
				CLANG_WARN_NON_LITERAL_NULL_CONVERSION = YES;
				CLANG_WARN_OBJC_IMPLICIT_RETAIN_SELF = YES;
				CLANG_WARN_OBJC_LITERAL_CONVERSION = YES;
				CLANG_WARN_OBJC_ROOT_CLASS = YES_ERROR;
				CLANG_WARN_QUOTED_INCLUDE_IN_FRAMEWORK_HEADER = YES;
				CLANG_WARN_RANGE_LOOP_ANALYSIS = YES;
				CLANG_WARN_STRICT_PROTOTYPES = YES;
				CLANG_WARN_SUSPICIOUS_MOVE = YES;
				CLANG_WARN_UNGUARDED_AVAILABILITY = YES_AGGRESSIVE;
				CLANG_WARN_UNREACHABLE_CODE = YES;
				CLANG_WARN__DUPLICATE_METHOD_MATCH = YES;
				COPY_PHASE_STRIP = NO;
				DEBUG_INFORMATION_FORMAT = "dwarf-with-dsym";
				ENABLE_NS_ASSERTIONS = NO;
				ENABLE_STRICT_OBJC_MSGSEND = YES;
				GCC_C_LANGUAGE_STANDARD = gnu11;
				GCC_NO_COMMON_BLOCKS = YES;
				GCC_WARN_64_TO_32_BIT_CONVERSION = YES;
				GCC_WARN_ABOUT_RETURN_TYPE = YES_ERROR;
				GCC_WARN_UNDECLARED_SELECTOR = YES;
				GCC_WARN_UNINITIALIZED_AUTOS = YES_AGGRESSIVE;
				GCC_WARN_UNUSED_FUNCTION = YES;
				GCC_WARN_UNUSED_VARIABLE = YES;
				MTL_ENABLE_DEBUG_INFO = NO;
				MTL_FAST_MATH = YES;
				SWIFT_COMPILATION_MODE = wholemodule;
				SWIFT_OPTIMIZATION_LEVEL = "-O";
			};
			name = Release;
		};
		048772CE289961F100F156A8 /* Debug */ = {
			isa = XCBuildConfiguration;
			buildSettings = {
				ASSETCATALOG_COMPILER_APPICON_NAME = AppIcon;
				ASSETCATALOG_COMPILER_GLOBAL_ACCENT_COLOR_NAME = AccentColor;
				CODE_SIGN_STYLE = Automatic;
				CURRENT_PROJECT_VERSION = 1;
				DEVELOPMENT_TEAM = GV58N5RQL6;
				ENABLE_PREVIEWS = YES;
				GENERATE_INFOPLIST_FILE = YES;
				INFOPLIST_KEY_UIApplicationSceneManifest_Generation = YES;
				INFOPLIST_KEY_UIApplicationSupportsIndirectInputEvents = YES;
				INFOPLIST_KEY_UILaunchScreen_Generation = YES;
				INFOPLIST_KEY_UILaunchStoryboardName = LaunchScreen;
				INFOPLIST_KEY_UISupportedInterfaceOrientations_iPad = "UIInterfaceOrientationPortrait UIInterfaceOrientationPortraitUpsideDown UIInterfaceOrientationLandscapeLeft UIInterfaceOrientationLandscapeRight";
				INFOPLIST_KEY_UISupportedInterfaceOrientations_iPhone = "UIInterfaceOrientationPortrait UIInterfaceOrientationLandscapeLeft UIInterfaceOrientationLandscapeRight";
				IPHONEOS_DEPLOYMENT_TARGET = 15.5;
				LD_RUNPATH_SEARCH_PATHS = (
					"$(inherited)",
					"@executable_path/Frameworks",
				);
				MARKETING_VERSION = 1.0;
				PRODUCT_BUNDLE_IDENTIFIER = com.openWindow.BigBucks;
				PRODUCT_NAME = BigBucks;
				SDKROOT = iphoneos;
				SWIFT_EMIT_LOC_STRINGS = YES;
				SWIFT_VERSION = 5.0;
				TARGETED_DEVICE_FAMILY = "1,2";
			};
			name = Debug;
		};
		048772CF289961F100F156A8 /* Release */ = {
			isa = XCBuildConfiguration;
			buildSettings = {
				ASSETCATALOG_COMPILER_APPICON_NAME = AppIcon;
				ASSETCATALOG_COMPILER_GLOBAL_ACCENT_COLOR_NAME = AccentColor;
				CODE_SIGN_STYLE = Automatic;
				CURRENT_PROJECT_VERSION = 1;
				DEVELOPMENT_TEAM = GV58N5RQL6;
				ENABLE_PREVIEWS = YES;
				GENERATE_INFOPLIST_FILE = YES;
				INFOPLIST_KEY_UIApplicationSceneManifest_Generation = YES;
				INFOPLIST_KEY_UIApplicationSupportsIndirectInputEvents = YES;
				INFOPLIST_KEY_UILaunchScreen_Generation = YES;
				INFOPLIST_KEY_UILaunchStoryboardName = LaunchScreen;
				INFOPLIST_KEY_UISupportedInterfaceOrientations_iPad = "UIInterfaceOrientationPortrait UIInterfaceOrientationPortraitUpsideDown UIInterfaceOrientationLandscapeLeft UIInterfaceOrientationLandscapeRight";
				INFOPLIST_KEY_UISupportedInterfaceOrientations_iPhone = "UIInterfaceOrientationPortrait UIInterfaceOrientationLandscapeLeft UIInterfaceOrientationLandscapeRight";
				IPHONEOS_DEPLOYMENT_TARGET = 15.5;
				LD_RUNPATH_SEARCH_PATHS = (
					"$(inherited)",
					"@executable_path/Frameworks",
				);
				MARKETING_VERSION = 1.0;
				PRODUCT_BUNDLE_IDENTIFIER = com.openWindow.BigBucks;
				PRODUCT_NAME = BigBucks;
				SDKROOT = iphoneos;
				SWIFT_EMIT_LOC_STRINGS = YES;
				SWIFT_VERSION = 5.0;
				TARGETED_DEVICE_FAMILY = "1,2";
				VALIDATE_PRODUCT = YES;
			};
			name = Release;
		};
		048772D1289961F100F156A8 /* Debug */ = {
			isa = XCBuildConfiguration;
			buildSettings = {
				ASSETCATALOG_COMPILER_APPICON_NAME = AppIcon;
				ASSETCATALOG_COMPILER_GLOBAL_ACCENT_COLOR_NAME = AccentColor;
				CODE_SIGN_ENTITLEMENTS = macOS/macOS.entitlements;
				CODE_SIGN_STYLE = Automatic;
				COMBINE_HIDPI_IMAGES = YES;
				CURRENT_PROJECT_VERSION = 1;
				DEVELOPMENT_TEAM = GV58N5RQL6;
				ENABLE_HARDENED_RUNTIME = YES;
				ENABLE_PREVIEWS = YES;
				GENERATE_INFOPLIST_FILE = YES;
				INFOPLIST_KEY_NSHumanReadableCopyright = "";
				LD_RUNPATH_SEARCH_PATHS = (
					"$(inherited)",
					"@executable_path/../Frameworks",
				);
				MACOSX_DEPLOYMENT_TARGET = 12.3;
				MARKETING_VERSION = 1.0;
				PRODUCT_BUNDLE_IDENTIFIER = com.openWindow.BigBucks;
				PRODUCT_NAME = BigBucks;
				SDKROOT = macosx;
				SWIFT_EMIT_LOC_STRINGS = YES;
				SWIFT_VERSION = 5.0;
			};
			name = Debug;
		};
		048772D2289961F100F156A8 /* Release */ = {
			isa = XCBuildConfiguration;
			buildSettings = {
				ASSETCATALOG_COMPILER_APPICON_NAME = AppIcon;
				ASSETCATALOG_COMPILER_GLOBAL_ACCENT_COLOR_NAME = AccentColor;
				CODE_SIGN_ENTITLEMENTS = macOS/macOS.entitlements;
				CODE_SIGN_STYLE = Automatic;
				COMBINE_HIDPI_IMAGES = YES;
				CURRENT_PROJECT_VERSION = 1;
				DEVELOPMENT_TEAM = GV58N5RQL6;
				ENABLE_HARDENED_RUNTIME = YES;
				ENABLE_PREVIEWS = YES;
				GENERATE_INFOPLIST_FILE = YES;
				INFOPLIST_KEY_NSHumanReadableCopyright = "";
				LD_RUNPATH_SEARCH_PATHS = (
					"$(inherited)",
					"@executable_path/../Frameworks",
				);
				MACOSX_DEPLOYMENT_TARGET = 12.3;
				MARKETING_VERSION = 1.0;
				PRODUCT_BUNDLE_IDENTIFIER = com.openWindow.BigBucks;
				PRODUCT_NAME = BigBucks;
				SDKROOT = macosx;
				SWIFT_EMIT_LOC_STRINGS = YES;
				SWIFT_VERSION = 5.0;
			};
			name = Release;
		};
/* End XCBuildConfiguration section */

/* Begin XCConfigurationList section */
		048772B3289961F000F156A8 /* Build configuration list for PBXProject "BigBucks" */ = {
			isa = XCConfigurationList;
			buildConfigurations = (
				048772CB289961F100F156A8 /* Debug */,
				048772CC289961F100F156A8 /* Release */,
			);
			defaultConfigurationIsVisible = 0;
			defaultConfigurationName = Release;
		};
		048772CD289961F100F156A8 /* Build configuration list for PBXNativeTarget "BigBucks (iOS)" */ = {
			isa = XCConfigurationList;
			buildConfigurations = (
				048772CE289961F100F156A8 /* Debug */,
				048772CF289961F100F156A8 /* Release */,
			);
			defaultConfigurationIsVisible = 0;
			defaultConfigurationName = Release;
		};
		048772D0289961F100F156A8 /* Build configuration list for PBXNativeTarget "BigBucks (macOS)" */ = {
			isa = XCConfigurationList;
			buildConfigurations = (
				048772D1289961F100F156A8 /* Debug */,
				048772D2289961F100F156A8 /* Release */,
			);
			defaultConfigurationIsVisible = 0;
			defaultConfigurationName = Release;
		};
/* End XCConfigurationList section */
	};
	rootObject = 048772B0289961F000F156A8 /* Project object */;
}
